
Microsoft Visual Studio Solution File, Format Version 12.00
# Visual Studio Version 17
VisualStudioVersion = 17.2.32616.157
MinimumVisualStudioVersion = 10.0.40219.1
Project("{FAE04EC0-301F-11D3-BF4B-00C04F79EFBC}") = "CalculadoraAreaCuadrado", "CalculadoraAreaCuadrado\CalculadoraAreaCuadrado.csproj", "{121A8BD9-10BD-43BC-9F64-1F61BDAF5247}"
EndProject
Global
	GlobalSection(SolutionConfigurationPlatforms) = preSolution
		Debug|Any CPU = Debug|Any CPU
		Release|Any CPU = Release|Any CPU
	EndGlobalSection
	GlobalSection(ProjectConfigurationPlatforms) = postSolution
		{121A8BD9-10BD-43BC-9F64-1F61BDAF5247}.Debug|Any CPU.ActiveCfg = Debug|Any CPU
		{121A8BD9-10BD-43BC-9F64-1F61BDAF5247}.Debug|Any CPU.Build.0 = Debug|Any CPU
		{121A8BD9-10BD-43BC-9F64-1F61BDAF5247}.Release|Any CPU.ActiveCfg = Release|Any CPU
		{121A8BD9-10BD-43BC-9F64-1F61BDAF5247}.Release|Any CPU.Build.0 = Release|Any CPU
	EndGlobalSection
	GlobalSection(SolutionProperties) = preSolution
		HideSolutionNode = FALSE
	EndGlobalSection
	GlobalSection(ExtensibilityGlobals) = postSolution
		SolutionGuid = {38A28BC9-F04B-4A73-B4D8-93C3061B46B6}
	EndGlobalSection
EndGlobal
